
Microsoft Visual Studio Solution File, Format Version 12.00
# Visual Studio Version 16
VisualStudioVersion = 25.0.1706.2
MinimumVisualStudioVersion = 10.0.40219.1
Project("{FAE04EC0-301F-11D3-BF4B-00C04F79EFBC}") = "custom-csharp", "custom-csharp\custom-csharp.csproj", "{619F6655-E3BA-4951-9C30-134AA9668CA4}"
EndProject
Global
	GlobalSection(SolutionConfigurationPlatforms) = preSolution
		Debug|Any CPU = Debug|Any CPU
		Release|Any CPU = Release|Any CPU
	EndGlobalSection
	GlobalSection(ProjectConfigurationPlatforms) = postSolution
		{619F6655-E3BA-4951-9C30-134AA9668CA4}.Debug|Any CPU.ActiveCfg = Debug|Any CPU
		{619F6655-E3BA-4951-9C30-134AA9668CA4}.Debug|Any CPU.Build.0 = Debug|Any CPU
		{619F6655-E3BA-4951-9C30-134AA9668CA4}.Release|Any CPU.ActiveCfg = Release|Any CPU
		{619F6655-E3BA-4951-9C30-134AA9668CA4}.Release|Any CPU.Build.0 = Release|Any CPU
	EndGlobalSection
	GlobalSection(SolutionProperties) = preSolution
		HideSolutionNode = FALSE
	EndGlobalSection
	GlobalSection(ExtensibilityGlobals) = postSolution
		SolutionGuid = {3061B843-409F-4EB3-A7F9-CFCB9BDABCA9}
	EndGlobalSection
EndGlobal
