
Microsoft Visual Studio Solution File, Format Version 12.00
# Visual Studio Version 16
VisualStudioVersion = 25.0.1706.2
MinimumVisualStudioVersion = 10.0.40219.1
Project("{FAE04EC0-301F-11D3-BF4B-00C04F79EFBC}") = "DriverSDK", "DriverSDK\DriverSDK.csproj", "{F9AECE10-BE5B-4C34-B4B1-993B2CC5B5CD}"
EndProject
Project("{FAE04EC0-301F-11D3-BF4B-00C04F79EFBC}") = "DriverSDK.Tests", "DriverSDK.Tests\DriverSDK.Tests.csproj", "{654CA473-1180-4AA8-A918-F93373E20DD3}"
EndProject
Global
	GlobalSection(SolutionConfigurationPlatforms) = preSolution
		Debug|Any CPU = Debug|Any CPU
		Release|Any CPU = Release|Any CPU
	EndGlobalSection
	GlobalSection(ProjectConfigurationPlatforms) = postSolution
		{F9AECE10-BE5B-4C34-B4B1-993B2CC5B5CD}.Debug|Any CPU.ActiveCfg = Debug|Any CPU
		{F9AECE10-BE5B-4C34-B4B1-993B2CC5B5CD}.Debug|Any CPU.Build.0 = Debug|Any CPU
		{F9AECE10-BE5B-4C34-B4B1-993B2CC5B5CD}.Release|Any CPU.ActiveCfg = Release|Any CPU
		{F9AECE10-BE5B-4C34-B4B1-993B2CC5B5CD}.Release|Any CPU.Build.0 = Release|Any CPU
		{654CA473-1180-4AA8-A918-F93373E20DD3}.Debug|Any CPU.ActiveCfg = Debug|Any CPU
		{654CA473-1180-4AA8-A918-F93373E20DD3}.Debug|Any CPU.Build.0 = Debug|Any CPU
		{654CA473-1180-4AA8-A918-F93373E20DD3}.Release|Any CPU.ActiveCfg = Release|Any CPU
		{654CA473-1180-4AA8-A918-F93373E20DD3}.Release|Any CPU.Build.0 = Release|Any CPU
	EndGlobalSection
	GlobalSection(SolutionProperties) = preSolution
		HideSolutionNode = FALSE
	EndGlobalSection
	GlobalSection(ExtensibilityGlobals) = postSolution
		SolutionGuid = {CE5F080B-8EF6-4550-912B-0B5E2295CA17}
	EndGlobalSection
EndGlobal
